
Microsoft Visual Studio Solution File, Format Version 12.00
# Visual Studio 14
VisualStudioVersion = 14.0.23107.0
MinimumVisualStudioVersion = 10.0.40219.1
Project("{F2A71F9B-5D33-465A-A702-920D77279786}") = "Test", "src\Test\Test.fsproj", "{1BB5D08B-6AD4-43D8-B36D-58989957B8C9}"
	ProjectSection(ProjectDependencies) = postProject
		{164D7D47-25A4-4D18-97AC-31C0E975C735} = {164D7D47-25A4-4D18-97AC-31C0E975C735}
	EndProjectSection
EndProject
Project("{FAE04EC0-301F-11D3-BF4B-00C04F79EFBC}") = "CoreLib", "src\CoreLib\CoreLib.csproj", "{164D7D47-25A4-4D18-97AC-31C0E975C735}"
EndProject
Global
	GlobalSection(SolutionConfigurationPlatforms) = preSolution
		Debug|Any CPU = Debug|Any CPU
		Release|Any CPU = Release|Any CPU
	EndGlobalSection
	GlobalSection(ProjectConfigurationPlatforms) = postSolution
		{1BB5D08B-6AD4-43D8-B36D-58989957B8C9}.Debug|Any CPU.ActiveCfg = Debug|Any CPU
		{1BB5D08B-6AD4-43D8-B36D-58989957B8C9}.Debug|Any CPU.Build.0 = Debug|Any CPU
		{1BB5D08B-6AD4-43D8-B36D-58989957B8C9}.Release|Any CPU.ActiveCfg = Release|Any CPU
		{1BB5D08B-6AD4-43D8-B36D-58989957B8C9}.Release|Any CPU.Build.0 = Release|Any CPU
		{164D7D47-25A4-4D18-97AC-31C0E975C735}.Debug|Any CPU.ActiveCfg = Debug|Any CPU
		{164D7D47-25A4-4D18-97AC-31C0E975C735}.Debug|Any CPU.Build.0 = Debug|Any CPU
		{164D7D47-25A4-4D18-97AC-31C0E975C735}.Release|Any CPU.ActiveCfg = Release|Any CPU
		{164D7D47-25A4-4D18-97AC-31C0E975C735}.Release|Any CPU.Build.0 = Release|Any CPU
	EndGlobalSection
	GlobalSection(SolutionProperties) = preSolution
		HideSolutionNode = FALSE
	EndGlobalSection
EndGlobal
